{
  "version": 4,
  "terraform_version": "1.6.3",
  "serial": 620,
  "lineage": "59940538-fde5-522f-6eb1-e0b9a09940ad",
  "outputs": {},
  "resources": [
    {
      "mode": "data",
      "type": "aws_iam_role",
      "name": "ecs_task_execution_role",
      "provider": "provider[\"registry.terraform.io/hashicorp/aws\"]",
      "instances": [
        {
          "schema_version": 0,
          "attributes": {
            "arn": "arn:aws:iam::129033205317:role/ecsTaskExecutionRole",
            "assume_role_policy": "{\"Version\":\"2008-10-17\",\"Statement\":[{\"Sid\":\"\",\"Effect\":\"Allow\",\"Principal\":{\"Service\":\"ecs-tasks.amazonaws.com\"},\"Action\":\"sts:AssumeRole\"}]}",
            "create_date": "2023-11-22T12:23:24Z",
            "description": "",
            "id": "ecsTaskExecutionRole",
            "max_session_duration": 3600,
            "name": "ecsTaskExecutionRole",
            "path": "/",
            "permissions_boundary": "",
            "role_last_used": [
              {
                "last_used_date": "2023-11-30T12:48:55Z",
                "region": "eu-west-2"
              }
            ],
            "tags": {},
            "unique_id": "AROAR4CX2OZCW2UYMOMHA"
          },
          "sensitive_attributes": []
        }
      ]
    },
    {
      "mode": "managed",
      "type": "aws_ecs_service",
      "name": "c9-charliedean-dashboard-t",
      "provider": "provider[\"registry.terraform.io/hashicorp/aws\"]",
      "instances": [
        {
          "schema_version": 0,
          "attributes": {
            "alarms": [],
            "capacity_provider_strategy": [],
            "cluster": "c9-ecs-cluster",
            "deployment_circuit_breaker": [
              {
                "enable": false,
                "rollback": false
              }
            ],
            "deployment_controller": [
              {
                "type": "ECS"
              }
            ],
            "deployment_maximum_percent": 200,
            "deployment_minimum_healthy_percent": 100,
            "desired_count": 1,
            "enable_ecs_managed_tags": false,
            "enable_execute_command": false,
            "force_new_deployment": true,
            "health_check_grace_period_seconds": 0,
            "iam_role": "/aws-service-role/ecs.amazonaws.com/AWSServiceRoleForECS",
            "id": "arn:aws:ecs:eu-west-2:129033205317:service/c9-ecs-cluster/c9-charliedean-dashboard-terraform",
            "launch_type": "FARGATE",
            "load_balancer": [],
            "name": "c9-charliedean-dashboard-terraform",
            "network_configuration": [
              {
                "assign_public_ip": true,
                "security_groups": [
                  "sg-0f3b4621265e9db57"
                ],
                "subnets": [
                  "subnet-02a00c7be52b00368",
                  "subnet-081c7c419697dec52",
                  "subnet-0d0b16e76e68cf51b"
                ]
              }
            ],
            "ordered_placement_strategy": [],
            "placement_constraints": [],
            "platform_version": "LATEST",
            "propagate_tags": "NONE",
            "scheduling_strategy": "REPLICA",
            "service_connect_configuration": [],
            "service_registries": [],
            "tags": null,
            "tags_all": {},
            "task_definition": "arn:aws:ecs:eu-west-2:129033205317:task-definition/c9-charliedean-dashboard-task-t:32",
            "timeouts": null,
            "triggers": {},
            "wait_for_steady_state": false
          },
          "sensitive_attributes": [],
          "private": "eyJlMmJmYjczMC1lY2FhLTExZTYtOGY4OC0zNDM2M2JjN2M0YzAiOnsiY3JlYXRlIjoxMjAwMDAwMDAwMDAwLCJkZWxldGUiOjEyMDAwMDAwMDAwMDAsInVwZGF0ZSI6MTIwMDAwMDAwMDAwMH19",
          "dependencies": [
            "aws_ecs_task_definition.c9-charliedean-dashboard-task-t",
            "data.aws_iam_role.ecs_task_execution_role"
          ]
        }
      ]
    },
    {
      "mode": "managed",
      "type": "aws_ecs_task_definition",
      "name": "c9-charliedean-dashboard-task-t",
      "provider": "provider[\"registry.terraform.io/hashicorp/aws\"]",
      "instances": [
        {
          "schema_version": 1,
          "attributes": {
            "arn": "arn:aws:ecs:eu-west-2:129033205317:task-definition/c9-charliedean-dashboard-task-t:32",
            "arn_without_revision": "arn:aws:ecs:eu-west-2:129033205317:task-definition/c9-charliedean-dashboard-task-t",
            "container_definitions": "[{\"cpu\":0,\"environment\":[{\"name\":\"DATABASE_IP\",\"value\":\"c9-rs-truck-cluster.cdq12ms5gjyk.eu-west-2.redshift.amazonaws.com\"},{\"name\":\"DATABASE_NAME\",\"value\":\"truck\"},{\"name\":\"DATABASE_PASSWORD\",\"value\":\"SigmaStudent17\"},{\"name\":\"DATABASE_PORT\",\"value\":\"5439\"},{\"name\":\"DATABASE_USERNAME\",\"value\":\"charlie\"}],\"essential\":true,\"image\":\"129033205317.dkr.ecr.eu-west-2.amazonaws.com/c9-charliedean-trucks-dashboard:latest\",\"mountPoints\":[],\"name\":\"c9-charliedean-dashboard-t\",\"portMappings\":[{\"containerPort\":8501,\"hostPort\":8501,\"protocol\":\"tcp\"}],\"volumesFrom\":[]}]",
            "cpu": "1024",
            "ephemeral_storage": [],
            "execution_role_arn": "arn:aws:iam::129033205317:role/ecsTaskExecutionRole",
            "family": "c9-charliedean-dashboard-task-t",
            "id": "c9-charliedean-dashboard-task-t",
            "inference_accelerator": [],
            "ipc_mode": "",
            "memory": "2048",
            "network_mode": "awsvpc",
            "pid_mode": "",
            "placement_constraints": [],
            "proxy_configuration": [],
            "requires_compatibilities": [
              "FARGATE"
            ],
            "revision": 32,
            "runtime_platform": [
              {
                "cpu_architecture": "X86_64",
                "operating_system_family": "LINUX"
              }
            ],
            "skip_destroy": false,
            "tags": null,
            "tags_all": {},
            "task_role_arn": "",
            "volume": []
          },
          "sensitive_attributes": [],
          "private": "eyJzY2hlbWFfdmVyc2lvbiI6IjEifQ==",
          "dependencies": [
            "data.aws_iam_role.ecs_task_execution_role"
          ]
        }
      ]
    },
    {
      "mode": "managed",
      "type": "aws_ecs_task_definition",
      "name": "c9-charliedean-truck-task-definition-t",
      "provider": "provider[\"registry.terraform.io/hashicorp/aws\"]",
      "instances": [
        {
          "schema_version": 1,
          "attributes": {
            "arn": "arn:aws:ecs:eu-west-2:129033205317:task-definition/c9-charliedean-truck-task-definition-t:27",
            "arn_without_revision": "arn:aws:ecs:eu-west-2:129033205317:task-definition/c9-charliedean-truck-task-definition-t",
            "container_definitions": "[{\"cpu\":0,\"environment\":[{\"name\":\"AWS_ACCESS_KEY_ID\",\"value\":\"AKIAR4CX2OZCZDKKLOHS\"},{\"name\":\"AWS_SECRET_ACCESS_KEY\",\"value\":\"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\"},{\"name\":\"DATABASE_IP\",\"value\":\"c9-rs-truck-cluster.cdq12ms5gjyk.eu-west-2.redshift.amazonaws.com\"},{\"name\":\"DATABASE_NAME\",\"value\":\"truck\"},{\"name\":\"DATABASE_PASSWORD\",\"value\":\"SigmaStudent17\"},{\"name\":\"DATABASE_PORT\",\"value\":\"5439\"},{\"name\":\"DATABASE_USERNAME\",\"value\":\"charlie\"}],\"essential\":true,\"image\":\"129033205317.dkr.ecr.eu-west-2.amazonaws.com/c9-charliedean-trucks-repo:latest\",\"mountPoints\":[],\"name\":\"c9-charliedean-trucks-t\",\"portMappings\":[],\"volumesFrom\":[]}]",
            "cpu": "1024",
            "ephemeral_storage": [],
            "execution_role_arn": "arn:aws:iam::129033205317:role/ecsTaskExecutionRole",
            "family": "c9-charliedean-truck-task-definition-t",
            "id": "c9-charliedean-truck-task-definition-t",
            "inference_accelerator": [],
            "ipc_mode": "",
            "memory": "2048",
            "network_mode": "awsvpc",
            "pid_mode": "",
            "placement_constraints": [],
            "proxy_configuration": [],
            "requires_compatibilities": [
              "FARGATE"
            ],
            "revision": 27,
            "runtime_platform": [
              {
                "cpu_architecture": "X86_64",
                "operating_system_family": "LINUX"
              }
            ],
            "skip_destroy": false,
            "tags": null,
            "tags_all": {},
            "task_role_arn": "",
            "volume": []
          },
          "sensitive_attributes": [],
          "private": "eyJzY2hlbWFfdmVyc2lvbiI6IjEifQ==",
          "dependencies": [
            "data.aws_iam_role.ecs_task_execution_role"
          ]
        }
      ]
    },
    {
      "mode": "managed",
      "type": "aws_iam_policy",
      "name": "ecs-schedule-permissions",
      "provider": "provider[\"registry.terraform.io/hashicorp/aws\"]",
      "instances": [
        {
          "schema_version": 0,
          "attributes": {
            "arn": "arn:aws:iam::129033205317:policy/ExecuteECSFunctions",
            "description": "",
            "id": "arn:aws:iam::129033205317:policy/ExecuteECSFunctions",
            "name": "ExecuteECSFunctions",
            "name_prefix": "",
            "path": "/",
            "policy": "{\"Statement\":[{\"Action\":[\"ecs:RunTask\"],\"Condition\":{\"ArnLike\":{\"ecs:cluster\":\"arn:aws:ecs:eu-west-2:129033205317:cluster/c9-ecs-cluster\"}},\"Effect\":\"Allow\",\"Resource\":[\"arn:aws:ecs:eu-west-2:129033205317:task-definition/c9-charliedean-truck-task-definition-t:27\"]},{\"Action\":\"iam:PassRole\",\"Condition\":{\"StringLike\":{\"iam:PassedToService\":\"ecs-tasks.amazonaws.com\"}},\"Effect\":\"Allow\",\"Resource\":[\"*\"]}],\"Version\":\"2012-10-17\"}",
            "policy_id": "ANPAR4CX2OZC7QSWCSYTM",
            "tags": null,
            "tags_all": {}
          },
          "sensitive_attributes": [],
          "private": "bnVsbA==",
          "dependencies": [
            "aws_ecs_task_definition.c9-charliedean-truck-task-definition-t",
            "data.aws_iam_role.ecs_task_execution_role"
          ]
        }
      ]
    },
    {
      "mode": "managed",
      "type": "aws_iam_policy",
      "name": "policy_invoke_lambda",
      "provider": "provider[\"registry.terraform.io/hashicorp/aws\"]",
      "instances": [
        {
          "schema_version": 0,
          "attributes": {
            "arn": "arn:aws:iam::129033205317:policy/stepFunctionSampleLambdaFunctionInvocationPolicy",
            "description": "",
            "id": "arn:aws:iam::129033205317:policy/stepFunctionSampleLambdaFunctionInvocationPolicy",
            "name": "stepFunctionSampleLambdaFunctionInvocationPolicy",
            "name_prefix": "",
            "path": "/",
            "policy": "{\"Statement\":[{\"Action\":[\"lambda:InvokeFunction\",\"lambda:InvokeAsync\"],\"Effect\":\"Allow\",\"Resource\":\"*\",\"Sid\":\"VisualEditor0\"}],\"Version\":\"2012-10-17\"}",
            "policy_id": "ANPAR4CX2OZCRLS4HWRPB",
            "tags": null,
            "tags_all": {}
          },
          "sensitive_attributes": [],
          "private": "bnVsbA=="
        }
      ]
    },
    {
      "mode": "managed",
      "type": "aws_iam_policy",
      "name": "policy_publish_ses",
      "provider": "provider[\"registry.terraform.io/hashicorp/aws\"]",
      "instances": [
        {
          "schema_version": 0,
          "attributes": {
            "arn": "arn:aws:iam::129033205317:policy/stepFunctionSampleSESInvocationPolicy",
            "description": "",
            "id": "arn:aws:iam::129033205317:policy/stepFunctionSampleSESInvocationPolicy",
            "name": "stepFunctionSampleSESInvocationPolicy",
            "name_prefix": "",
            "path": "/",
            "policy": "{\"Statement\":[{\"Action\":[\"SES:SendEmail\"],\"Effect\":\"Allow\",\"Resource\":\"*\",\"Sid\":\"VisualEditor0\"}],\"Version\":\"2012-10-17\"}",
            "policy_id": "ANPAR4CX2OZC6NHB3VUHJ",
            "tags": null,
            "tags_all": {}
          },
          "sensitive_attributes": [],
          "private": "bnVsbA=="
        }
      ]
    },
    {
      "mode": "managed",
      "type": "aws_iam_policy",
      "name": "step-function-policy",
      "provider": "provider[\"registry.terraform.io/hashicorp/aws\"]",
      "instances": [
        {
          "schema_version": 0,
          "attributes": {
            "arn": "arn:aws:iam::129033205317:policy/ExecuteStepFunctions_Charlie",
            "description": "",
            "id": "arn:aws:iam::129033205317:policy/ExecuteStepFunctions_Charlie",
            "name": "ExecuteStepFunctions_Charlie",
            "name_prefix": "",
            "path": "/",
            "policy": "{\"Statement\":[{\"Action\":[\"states:StartExecution\"],\"Effect\":\"Allow\",\"Resource\":[\"arn:aws:states:eu-west-2:129033205317:stateMachine:c9-charliedean-email-report-t\"]}],\"Version\":\"2012-10-17\"}",
            "policy_id": "ANPAR4CX2OZCQRE7MBB45",
            "tags": null,
            "tags_all": {}
          },
          "sensitive_attributes": [],
          "private": "bnVsbA==",
          "dependencies": [
            "aws_iam_role.iam_for_sfn",
            "aws_lambda_function.c9-charliedean-lambda-query-t",
            "aws_sfn_state_machine.c9-charliedean-email-report-t"
          ]
        }
      ]
    },
    {
      "mode": "managed",
      "type": "aws_iam_role",
      "name": "iam_for_ecs",
      "provider": "provider[\"registry.terraform.io/hashicorp/aws\"]",
      "instances": [
        {
          "schema_version": 0,
          "attributes": {
            "arn": "arn:aws:iam::129033205317:role/ECSPermissionsForIAM-73sfa",
            "assume_role_policy": "{\"Statement\":[{\"Action\":\"sts:AssumeRole\",\"Effect\":\"Allow\",\"Principal\":{\"Service\":\"ecs-tasks.amazonaws.com\"}},{\"Action\":\"sts:AssumeRole\",\"Effect\":\"Allow\",\"Principal\":{\"Service\":\"scheduler.amazonaws.com\"}}],\"Version\":\"2012-10-17\"}",
            "create_date": "2023-11-30T13:06:47Z",
            "description": "",
            "force_detach_policies": false,
            "id": "ECSPermissionsForIAM-73sfa",
            "inline_policy": [],
            "managed_policy_arns": [],
            "max_session_duration": 3600,
            "name": "ECSPermissionsForIAM-73sfa",
            "name_prefix": "",
            "path": "/",
            "permissions_boundary": null,
            "role_last_used": [
              {
                "last_used_date": "",
                "region": ""
              }
            ],
            "tags": null,
            "tags_all": {},
            "unique_id": "AROAR4CX2OZCSV7QFN7LV"
          },
          "sensitive_attributes": [],
          "private": "bnVsbA=="
        }
      ]
    },
    {
      "mode": "managed",
      "type": "aws_iam_role",
      "name": "iam_for_sfn",
      "provider": "provider[\"registry.terraform.io/hashicorp/aws\"]",
      "instances": [
        {
          "schema_version": 0,
          "attributes": {
            "arn": "arn:aws:iam::129033205317:role/stepFunctionSampleStepFunctionExecutionIAM",
            "assume_role_policy": "{\"Statement\":[{\"Action\":\"sts:AssumeRole\",\"Effect\":\"Allow\",\"Principal\":{\"Service\":\"states.amazonaws.com\"}}],\"Version\":\"2012-10-17\"}",
            "create_date": "2023-11-30T13:06:47Z",
            "description": "",
            "force_detach_policies": false,
            "id": "stepFunctionSampleStepFunctionExecutionIAM",
            "inline_policy": [],
            "managed_policy_arns": [],
            "max_session_duration": 3600,
            "name": "stepFunctionSampleStepFunctionExecutionIAM",
            "name_prefix": "",
            "path": "/",
            "permissions_boundary": null,
            "role_last_used": [
              {
                "last_used_date": "",
                "region": ""
              }
            ],
            "tags": null,
            "tags_all": {},
            "unique_id": "AROAR4CX2OZC66WWI4NCW"
          },
          "sensitive_attributes": [],
          "private": "bnVsbA=="
        }
      ]
    },
    {
      "mode": "managed",
      "type": "aws_iam_role",
      "name": "iam_for_sfn_2",
      "provider": "provider[\"registry.terraform.io/hashicorp/aws\"]",
      "instances": [
        {
          "schema_version": 0,
          "attributes": {
            "arn": "arn:aws:iam::129033205317:role/stepFunctionSampleStepFunctionExecutionIAM_2",
            "assume_role_policy": "{\"Statement\":[{\"Action\":\"sts:AssumeRole\",\"Effect\":\"Allow\",\"Principal\":{\"Service\":\"states.amazonaws.com\"}},{\"Action\":\"sts:AssumeRole\",\"Effect\":\"Allow\",\"Principal\":{\"Service\":\"scheduler.amazonaws.com\"}}],\"Version\":\"2012-10-17\"}",
            "create_date": "2023-11-30T13:06:47Z",
            "description": "",
            "force_detach_policies": false,
            "id": "stepFunctionSampleStepFunctionExecutionIAM_2",
            "inline_policy": [],
            "managed_policy_arns": [],
            "max_session_duration": 3600,
            "name": "stepFunctionSampleStepFunctionExecutionIAM_2",
            "name_prefix": "",
            "path": "/",
            "permissions_boundary": null,
            "role_last_used": [
              {
                "last_used_date": "",
                "region": ""
              }
            ],
            "tags": null,
            "tags_all": {},
            "unique_id": "AROAR4CX2OZCTF6KNBLEA"
          },
          "sensitive_attributes": [],
          "private": "bnVsbA=="
        }
      ]
    },
    {
      "mode": "managed",
      "type": "aws_iam_role_policy_attachment",
      "name": "attach-ecs-policy",
      "provider": "provider[\"registry.terraform.io/hashicorp/aws\"]",
      "instances": [
        {
          "schema_version": 0,
          "attributes": {
            "id": "ECSPermissionsForIAM-73sfa-20231130130648257200000004",
            "policy_arn": "arn:aws:iam::129033205317:policy/ExecuteECSFunctions",
            "role": "ECSPermissionsForIAM-73sfa"
          },
          "sensitive_attributes": [],
          "private": "bnVsbA==",
          "dependencies": [
            "aws_ecs_task_definition.c9-charliedean-truck-task-definition-t",
            "aws_iam_policy.ecs-schedule-permissions",
            "aws_iam_role.iam_for_ecs",
            "data.aws_iam_role.ecs_task_execution_role"
          ]
        }
      ]
    },
    {
      "mode": "managed",
      "type": "aws_iam_role_policy_attachment",
      "name": "attach-execution-policy",
      "provider": "provider[\"registry.terraform.io/hashicorp/aws\"]",
      "instances": [
        {
          "schema_version": 0,
          "attributes": {
            "id": "stepFunctionSampleStepFunctionExecutionIAM_2-20231130130717123100000006",
            "policy_arn": "arn:aws:iam::129033205317:policy/ExecuteStepFunctions_Charlie",
            "role": "stepFunctionSampleStepFunctionExecutionIAM_2"
          },
          "sensitive_attributes": [],
          "private": "bnVsbA==",
          "dependencies": [
            "aws_iam_policy.step-function-policy",
            "aws_iam_role.iam_for_sfn",
            "aws_iam_role.iam_for_sfn_2",
            "aws_lambda_function.c9-charliedean-lambda-query-t",
            "aws_sfn_state_machine.c9-charliedean-email-report-t"
          ]
        }
      ]
    },
    {
      "mode": "managed",
      "type": "aws_iam_role_policy_attachment",
      "name": "iam_for_sfn_attach_policy_invoke_lambda",
      "provider": "provider[\"registry.terraform.io/hashicorp/aws\"]",
      "instances": [
        {
          "schema_version": 0,
          "attributes": {
            "id": "stepFunctionSampleStepFunctionExecutionIAM-20231130130648244800000003",
            "policy_arn": "arn:aws:iam::129033205317:policy/stepFunctionSampleLambdaFunctionInvocationPolicy",
            "role": "stepFunctionSampleStepFunctionExecutionIAM"
          },
          "sensitive_attributes": [],
          "private": "bnVsbA==",
          "dependencies": [
            "aws_iam_policy.policy_invoke_lambda",
            "aws_iam_role.iam_for_sfn"
          ]
        }
      ]
    },
    {
      "mode": "managed",
      "type": "aws_iam_role_policy_attachment",
      "name": "iam_for_sfn_attach_policy_publish_ses",
      "provider": "provider[\"registry.terraform.io/hashicorp/aws\"]",
      "instances": [
        {
          "schema_version": 0,
          "attributes": {
            "id": "stepFunctionSampleStepFunctionExecutionIAM-20231130130648243300000002",
            "policy_arn": "arn:aws:iam::129033205317:policy/stepFunctionSampleSESInvocationPolicy",
            "role": "stepFunctionSampleStepFunctionExecutionIAM"
          },
          "sensitive_attributes": [],
          "private": "bnVsbA==",
          "dependencies": [
            "aws_iam_policy.policy_publish_ses",
            "aws_iam_role.iam_for_sfn"
          ]
        }
      ]
    },
    {
      "mode": "managed",
      "type": "aws_lambda_function",
      "name": "c9-charliedean-lambda-query-t",
      "provider": "provider[\"registry.terraform.io/hashicorp/aws\"]",
      "instances": [
        {
          "schema_version": 0,
          "attributes": {
            "architectures": [
              "x86_64"
            ],
            "arn": "arn:aws:lambda:eu-west-2:129033205317:function:c9-charliedean-lambda-query-t",
            "code_signing_config_arn": "",
            "dead_letter_config": [],
            "description": "",
            "environment": [
              {
                "variables": {
                  "DATABASE_IP": "c9-rs-truck-cluster.cdq12ms5gjyk.eu-west-2.redshift.amazonaws.com",
                  "DATABASE_NAME": "truck",
                  "DATABASE_PASSWORD": "SigmaStudent17",
                  "DATABASE_PORT": "5439",
                  "DATABASE_USERNAME": "charlie"
                }
              }
            ],
            "ephemeral_storage": [
              {
                "size": 512
              }
            ],
            "file_system_config": [],
            "filename": null,
            "function_name": "c9-charliedean-lambda-query-t",
            "handler": "",
            "id": "c9-charliedean-lambda-query-t",
            "image_config": [],
            "image_uri": "129033205317.dkr.ecr.eu-west-2.amazonaws.com/c9-charliedean-lambda-query:latest",
            "invoke_arn": "arn:aws:apigateway:eu-west-2:lambda:path/2015-03-31/functions/arn:aws:lambda:eu-west-2:129033205317:function:c9-charliedean-lambda-query-t/invocations",
            "kms_key_arn": "",
            "last_modified": "2023-11-30T13:06:47.345+0000",
            "layers": null,
            "memory_size": 128,
            "package_type": "Image",
            "publish": false,
            "qualified_arn": "arn:aws:lambda:eu-west-2:129033205317:function:c9-charliedean-lambda-query-t:$LATEST",
            "qualified_invoke_arn": "arn:aws:apigateway:eu-west-2:lambda:path/2015-03-31/functions/arn:aws:lambda:eu-west-2:129033205317:function:c9-charliedean-lambda-query-t:$LATEST/invocations",
            "replace_security_groups_on_destroy": null,
            "replacement_security_group_ids": null,
            "reserved_concurrent_executions": -1,
            "role": "arn:aws:iam::129033205317:role/service-role/c9-charliedean-query-function-role-4oq83pji",
            "runtime": "",
            "s3_bucket": null,
            "s3_key": null,
            "s3_object_version": null,
            "signing_job_arn": "",
            "signing_profile_version_arn": "",
            "skip_destroy": false,
            "snap_start": [],
            "source_code_hash": "9c194da672ab90cfdf9ffdc2df7d689b0ba89bcbaa0471f8a98b8d9f5446cded",
            "source_code_size": 0,
            "tags": null,
            "tags_all": {},
            "timeout": 3,
            "timeouts": null,
            "tracing_config": [
              {
                "mode": "PassThrough"
              }
            ],
            "version": "$LATEST",
            "vpc_config": []
          },
          "sensitive_attributes": [],
          "private": "eyJlMmJmYjczMC1lY2FhLTExZTYtOGY4OC0zNDM2M2JjN2M0YzAiOnsiY3JlYXRlIjo2MDAwMDAwMDAwMDAsImRlbGV0ZSI6NjAwMDAwMDAwMDAwLCJ1cGRhdGUiOjYwMDAwMDAwMDAwMH19"
        }
      ]
    },
    {
      "mode": "managed",
      "type": "aws_lambda_permission",
      "name": "execute-lambda-permission",
      "provider": "provider[\"registry.terraform.io/hashicorp/aws\"]",
      "instances": [
        {
          "schema_version": 0,
          "attributes": {
            "action": "lambda:InvokeFunction",
            "event_source_token": null,
            "function_name": "c9-charliedean-lambda-query-t",
            "function_url_auth_type": null,
            "id": "terraform-20231130130716703200000005",
            "principal": "events.amazonaws.com",
            "principal_org_id": null,
            "qualifier": "",
            "source_account": null,
            "source_arn": "arn:aws:scheduler:eu-west-2:129033205317:schedule/default/c9-charliedean-daily-report-t",
            "statement_id": "terraform-20231130130716703200000005",
            "statement_id_prefix": "terraform-"
          },
          "sensitive_attributes": [],
          "private": "bnVsbA==",
          "dependencies": [
            "aws_iam_role.iam_for_sfn",
            "aws_iam_role.iam_for_sfn_2",
            "aws_lambda_function.c9-charliedean-lambda-query-t",
            "aws_scheduler_schedule.c9-charliedean-daily-report-t",
            "aws_sfn_state_machine.c9-charliedean-email-report-t"
          ]
        }
      ]
    },
    {
      "mode": "managed",
      "type": "aws_scheduler_schedule",
      "name": "c9-charliedean-daily-report-t",
      "provider": "provider[\"registry.terraform.io/hashicorp/aws\"]",
      "instances": [
        {
          "schema_version": 0,
          "attributes": {
            "arn": "arn:aws:scheduler:eu-west-2:129033205317:schedule/default/c9-charliedean-daily-report-t",
            "description": "",
            "end_date": "",
            "flexible_time_window": [
              {
                "maximum_window_in_minutes": 15,
                "mode": "FLEXIBLE"
              }
            ],
            "group_name": "default",
            "id": "default/c9-charliedean-daily-report-t",
            "kms_key_arn": "",
            "name": "c9-charliedean-daily-report-t",
            "name_prefix": "",
            "schedule_expression": "cron(09 13 * * ? *)",
            "schedule_expression_timezone": "Europe/London",
            "start_date": "",
            "state": "ENABLED",
            "target": [
              {
                "arn": "arn:aws:states:eu-west-2:129033205317:stateMachine:c9-charliedean-email-report-t",
                "dead_letter_config": [],
                "ecs_parameters": [],
                "eventbridge_parameters": [],
                "input": "{\"Payload\":\"Hello, ServerlessLand!\"}",
                "kinesis_parameters": [],
                "retry_policy": [
                  {
                    "maximum_event_age_in_seconds": 86400,
                    "maximum_retry_attempts": 185
                  }
                ],
                "role_arn": "arn:aws:iam::129033205317:role/stepFunctionSampleStepFunctionExecutionIAM_2",
                "sagemaker_pipeline_parameters": [],
                "sqs_parameters": []
              }
            ]
          },
          "sensitive_attributes": [],
          "private": "bnVsbA==",
          "dependencies": [
            "aws_iam_role.iam_for_sfn",
            "aws_iam_role.iam_for_sfn_2",
            "aws_lambda_function.c9-charliedean-lambda-query-t",
            "aws_sfn_state_machine.c9-charliedean-email-report-t"
          ]
        }
      ]
    },
    {
      "mode": "managed",
      "type": "aws_scheduler_schedule",
      "name": "c9-charliedean-trucks-schedule-t",
      "provider": "provider[\"registry.terraform.io/hashicorp/aws\"]",
      "instances": [
        {
          "schema_version": 0,
          "attributes": {
            "arn": "arn:aws:scheduler:eu-west-2:129033205317:schedule/default/c9-charliedean-trucks-schedule-t",
            "description": "",
            "end_date": "",
            "flexible_time_window": [
              {
                "maximum_window_in_minutes": 15,
                "mode": "FLEXIBLE"
              }
            ],
            "group_name": "default",
            "id": "default/c9-charliedean-trucks-schedule-t",
            "kms_key_arn": "",
            "name": "c9-charliedean-trucks-schedule-t",
            "name_prefix": "",
            "schedule_expression": "cron(09 13 * * ? *)",
            "schedule_expression_timezone": "Europe/London",
            "start_date": "",
            "state": "ENABLED",
            "target": [
              {
                "arn": "arn:aws:ecs:eu-west-2:129033205317:cluster/c9-ecs-cluster",
                "dead_letter_config": [],
                "ecs_parameters": [
                  {
                    "capacity_provider_strategy": [],
                    "enable_ecs_managed_tags": false,
                    "enable_execute_command": false,
                    "group": "",
                    "launch_type": "FARGATE",
                    "network_configuration": [
                      {
                        "assign_public_ip": true,
                        "security_groups": null,
                        "subnets": [
                          "subnet-02a00c7be52b00368",
                          "subnet-081c7c419697dec52",
                          "subnet-0d0b16e76e68cf51b"
                        ]
                      }
                    ],
                    "placement_constraints": [],
                    "placement_strategy": [],
                    "platform_version": "",
                    "propagate_tags": "",
                    "reference_id": "",
                    "tags": null,
                    "task_count": 1,
                    "task_definition_arn": "arn:aws:ecs:eu-west-2:129033205317:task-definition/c9-charliedean-truck-task-definition-t:27"
                  }
                ],
                "eventbridge_parameters": [],
                "input": "",
                "kinesis_parameters": [],
                "retry_policy": [
                  {
                    "maximum_event_age_in_seconds": 86400,
                    "maximum_retry_attempts": 185
                  }
                ],
                "role_arn": "arn:aws:iam::129033205317:role/ECSPermissionsForIAM-73sfa",
                "sagemaker_pipeline_parameters": [],
                "sqs_parameters": []
              }
            ]
          },
          "sensitive_attributes": [],
          "private": "bnVsbA==",
          "dependencies": [
            "aws_ecs_task_definition.c9-charliedean-truck-task-definition-t",
            "aws_iam_role.iam_for_ecs",
            "data.aws_iam_role.ecs_task_execution_role"
          ]
        }
      ]
    },
    {
      "mode": "managed",
      "type": "aws_sfn_state_machine",
      "name": "c9-charliedean-email-report-t",
      "provider": "provider[\"registry.terraform.io/hashicorp/aws\"]",
      "instances": [
        {
          "schema_version": 0,
          "attributes": {
            "arn": "arn:aws:states:eu-west-2:129033205317:stateMachine:c9-charliedean-email-report-t",
            "creation_date": "2023-11-30T13:07:16Z",
            "definition": "{\n  \"Comment\": \"A description of my state machine\",\n  \"StartAt\": \"Lambda Invoke\",\n  \"States\": {\n    \"Lambda Invoke\": {\n      \"Type\": \"Task\",\n      \"Resource\": \"arn:aws:states:::lambda:invoke\",\n      \"OutputPath\": \"$.Payload\",\n      \"Parameters\": {\n        \"FunctionName\":  \"arn:aws:lambda:eu-west-2:129033205317:function:c9-charliedean-lambda-query-t\"\n      },\n      \"Retry\": [\n        {\n          \"ErrorEquals\": [\n            \"Lambda.ServiceException\",\n            \"Lambda.AWSLambdaException\",\n            \"Lambda.SdkClientException\",\n            \"Lambda.TooManyRequestsException\"\n          ],\n          \"IntervalSeconds\": 1,\n          \"MaxAttempts\": 3,\n          \"BackoffRate\": 2\n        }\n      ],\n      \"Next\": \"SendEmail\"\n    },\n    \"SendEmail\": {\n      \"Type\": \"Task\",\n      \"End\": true,\n      \"Parameters\": {\n        \"Content\": {\n          \"Simple\": {\n            \"Body\": {\n              \"Html\": {\n                \"Data.$\": \"$.body\"\n              }\n            },\n            \"Subject\": {\n              \"Data\": \"Daily Report\"\n            }\n          }\n        },\n        \"Destination\": {\n          \"ToAddresses\": [\n            \"trainee.charlie.dean@sigmalabs.co.uk\"\n          ]\n        },\n        \"FromEmailAddress\": \"trainee.charlie.dean@sigmalabs.co.uk\"\n      },\n      \"Resource\": \"arn:aws:states:::aws-sdk:sesv2:sendEmail\"\n    }\n  }\n}\n",
            "id": "arn:aws:states:eu-west-2:129033205317:stateMachine:c9-charliedean-email-report-t",
            "logging_configuration": [
              {
                "include_execution_data": false,
                "level": "OFF",
                "log_destination": ""
              }
            ],
            "name": "c9-charliedean-email-report-t",
            "name_prefix": "",
            "role_arn": "arn:aws:iam::129033205317:role/stepFunctionSampleStepFunctionExecutionIAM",
            "status": "ACTIVE",
            "tags": null,
            "tags_all": {},
            "timeouts": null,
            "tracing_configuration": [
              {
                "enabled": false
              }
            ],
            "type": "STANDARD"
          },
          "sensitive_attributes": [],
          "private": "eyJlMmJmYjczMC1lY2FhLTExZTYtOGY4OC0zNDM2M2JjN2M0YzAiOnsiY3JlYXRlIjozMDAwMDAwMDAwMDAsImRlbGV0ZSI6MzAwMDAwMDAwMDAwLCJ1cGRhdGUiOjYwMDAwMDAwMDAwfX0=",
          "dependencies": [
            "aws_iam_role.iam_for_sfn",
            "aws_lambda_function.c9-charliedean-lambda-query-t"
          ]
        }
      ]
    }
  ],
  "check_results": null
}
